version = 1
revision = 3
requires-python = "==3.13.*"

[[package]]
name = "annotated-doc"
version = "0.0.5"
source = { registry = "https://pypi.org/simple" }
sdist = { url = "https://files.pythonhosted.org/packages/5a/8e/38aa427ed5402449e226975b649c5dc73ccadfefeb95e6aecb8f8ea4b6b6/annotated_doc-0.0.5.tar.gz", hash = "sha256:c7e58ce09192557605d8bbd92836d7e1d520ac9580096042c0bfd197efacf1bb", size = 10758, upload-time = "2026-07-28T13:50:58.129Z" }
wheels = [
    { url = "https://files.pythonhosted.org/packages/3e/30/e900b21425a860e195f32e37657aa1f7c7f2b1bfb26f03ca209b90933c06/annotated_doc-0.0.5-py3-none-any.whl", hash = "sha256:117bac03a25ede5df5440e855b32d556049ca169ead221505badf432fed4b101", size = 5302, upload-time = "2026-07-28T13:50:57.239Z" },
]

[[package]]
name = "annotated-types"
version = "0.8.0"
source = { registry = "https://pypi.org/simple" }
sdist = { url = "https://files.pythonhosted.org/packages/5f/56/a8120250d128bed162cd73c76d45f6ef9991f3e068f62a8ee060afa3104a/annotated_types-0.8.0.tar.gz", hash = "sha256:13b2beaad985e05e2d6407ee4c4f35590b11f8d693a258a561055cac8f64cab7", size = 15893, upload-time = "2026-07-23T20:16:13.995Z" }
wheels = [
    { url = "https://files.pythonhosted.org/packages/99/91/8acff4f5e50511b911bbccb72b8628a49c68ce14148cd9f6431094859a90/annotated_types-0.8.0-py3-none-any.whl", hash = "sha256:f072f4d804ea359e4eaf198b1af7a8b0943881a87f31bb764f8bf219bb9419e0", size = 13427, upload-time = "2026-07-23T20:16:12.938Z" },
]

[[package]]
name = "anyio"
version = "4.15.1"
source = { registry = "https://pypi.org/simple" }
dependencies = [
    { name = "idna" },
    { name = "typing-extensions" },
]
sdist = { url = "https://files.pythonhosted.org/packages/a9/d2/f4d173e22df740bc37b1db102b386ba719b66e95b0f0d751f556b387e6d2/anyio-4.15.1.tar.gz", hash = "sha256:9f28306018cbd6d329e64a36d58256edff76dd996fe423bc957326e578b82a94", size = 276966, upload-time = "2026-09-05T10:42:39.44Z" }
wheels = [
    { url = "https://files.pythonhosted.org/packages/12/b8/4bd346e22b28902df4d651910f5242c28d84e4a5c2435ca5c3f797ed7e2e/anyio-4.15.1-py3-none-any.whl", hash = "sha256:6152fdbbf9a77fdec97731721bebf7c4c44f7c29b424b0065826173efc7ed101", size = 132079, upload-time = "2026-09-05T10:42:37.923Z" },
]

[[package]]
name = "certifi"
version = "2026.7.22"
source = { registry = "https://pypi.org/simple" }
sdist = { url = "https://files.pythonhosted.org/packages/a3/c2/24167ea9858356b47a87a50d39908bfdb72ceeefe0041586e704e5376b3a/certifi-2026.7.22.tar.gz", hash = "sha256:741e2c3b351ddf169a738da9f2c048608ff7f2c5cc02f1ebc6b118bb090d5d55", size = 138112, upload-time = "2026-07-22T03:35:12.644Z" }
wheels = [
    { url = "https://files.pythonhosted.org/packages/0b/a7/71ac2cff56fec219ed242bb11b8efb69fcc4bec75db06fb7bfe35de520e6/certifi-2026.7.22-py3-none-any.whl", hash = "sha256:62f22742b58a1a33014a2b6b706588a8d7e2a88ae7bd1a6ebe8c992928483775", size = 136983, upload-time = "2026-07-22T03:35:11.276Z" },
]

[[package]]
name = "click"
version = "8.5.0"
source = { registry = "https://pypi.org/simple" }
sdist = { url = "https://files.pythonhosted.org/packages/c7/0e/7fa0ef50764b67090eca4114772a2abf8b6148198475e54c660b97caeee6/click-8.5.0.tar.gz", hash = "sha256:ba0d2089de75ea0310e2dde03160e6ca10009947fb95a182f9b54021bb272e34", size = 382235, upload-time = "2026-08-26T13:33:14.56Z" }
wheels = [
    { url = "https://files.pythonhosted.org/packages/58/50/6c0d534c5f134586a8e1ba4e330569e32f057e33372ae556463212fb4cd3/click-8.5.0-py3-none-any.whl", hash = "sha256:255bc9599cf7748b4b1a446ccc735421bd08a2ae529a8b88597d3de5664ee360", size = 125251, upload-time = "2026-08-26T13:33:12.928Z" },
]

[[package]]
name = "colorama"
version = "0.4.6"
source = { registry = "https://pypi.org/simple" }
sdist = { url = "https://files.pythonhosted.org/packages/d8/53/6f443c9a4a8358a93a6792e2acffb9d9d5cb0a5cfd8802644b7b1c9a02e4/colorama-0.4.6.tar.gz", hash = "sha256:08695f5cb7ed6e0531a20572697297273c47b8cae5a63ffc6d6ed5c201be6e44", size = 27697, upload-time = "2022-10-25T02:36:22.414Z" }
wheels = [
    { url = "https://files.pythonhosted.org/packages/d1/d6/3965ed04c63042e047cb6a3e6ed1a63a35087b6a609aa3a15ed8ac56c221/colorama-0.4.6-py2.py3-none-any.whl", hash = "sha256:4f1d9991f5acc0ca119f9d443620b77f9d6b33703e51011c16baf57afb285fc6", size = 25335, upload-time = "2022-10-25T02:36:20.889Z" },
]

[[package]]
name = "fastapi"
version = "0.141.1"
source = { registry = "https://pypi.org/simple" }
dependencies = [
    { name = "annotated-doc" },
    { name = "pydantic" },
    { name = "starlette" },
    { name = "typing-extensions" },
    { name = "typing-inspection" },
]
sdist = { url = "https://files.pythonhosted.org/packages/8a/02/91e3416a8fdd715abb903a952a6bec7cdd8d14eed55d415fc8595524c319/fastapi-0.141.1.tar.gz", hash = "sha256:e8822fc40db1e1858054d7a949a888695bc9bdce70139178e33bd2871a453ca1", size = 425799, upload-time = "2026-07-29T17:18:05.568Z" }
wheels = [
    { url = "https://files.pythonhosted.org/packages/cb/03/10388a42375ee7e4ac9b94eb2c5c569c8b5795e377e701c9ac3ad63de890/fastapi-0.141.1-py3-none-any.whl", hash = "sha256:bfb91aa2d334c61cb35ba9a116fc123b3d3df31640b801cf57a7a78ec3f603b3", size = 131954, upload-time = "2026-07-29T17:18:04.364Z" },
]

[[package]]
name = "goutoujunshi-cloudflare"
version = "0.1.0"
source = { virtual = "." }
dependencies = [
    { name = "fastapi" },
    { name = "python-multipart" },
]

[package.dev-dependencies]
dev = [
    { name = "httpx" },
    { name = "pytest" },
    { name = "workers-py" },
    { name = "workers-runtime-sdk" },
]

[package.metadata]
requires-dist = [
    { name = "fastapi", specifier = ">=0.141,<1.0" },
    { name = "python-multipart", specifier = ">=0.0.20,<1.0" },
]

[package.metadata.requires-dev]
dev = [
    { name = "httpx", specifier = ">=0.28,<1.0" },
    { name = "pytest", specifier = ">=8.3,<9.0" },
    { name = "workers-py" },
    { name = "workers-runtime-sdk" },
]

[[package]]
name = "h11"
version = "0.16.0"
source = { registry = "https://pypi.org/simple" }
sdist = { url = "https://files.pythonhosted.org/packages/01/ee/02a2c011bdab74c6fb3c75474d40b3052059d95df7e73351460c8588d963/h11-0.16.0.tar.gz", hash = "sha256:4e35b956cf45792e4caa5885e69fba00bdbc6ffafbfa020300e549b208ee5ff1", size = 101250, upload-time = "2025-04-24T03:35:25.427Z" }
wheels = [
    { url = "https://files.pythonhosted.org/packages/04/4b/29cac41a4d98d144bf5f6d33995617b185d14b22401f75ca86f384e87ff1/h11-0.16.0-py3-none-any.whl", hash = "sha256:63cf8bbe7522de3bf65932fda1d9c2772064ffb3dae62d55932da54b31cb6c86", size = 37515, upload-time = "2025-04-24T03:35:24.344Z" },
]

[[package]]
name = "httpcore"
version = "1.0.9"
source = { registry = "https://pypi.org/simple" }
dependencies = [
    { name = "certifi" },
    { name = "h11" },
]
sdist = { url = "https://files.pythonhosted.org/packages/06/94/82699a10bca87a5556c9c59b5963f2d039dbd239f25bc2a63907a05a14cb/httpcore-1.0.9.tar.gz", hash = "sha256:6e34463af53fd2ab5d807f399a9b45ea31c3dfa2276f15a2c3f00afff6e176e8", size = 85484, upload-time = "2025-04-24T22:06:22.219Z" }
wheels = [
    { url = "https://files.pythonhosted.org/packages/7e/f5/f66802a942d491edb555dd61e3a9961140fd64c90bce1eafd741609d334d/httpcore-1.0.9-py3-none-any.whl", hash = "sha256:2d400746a40668fc9dec9810239072b40b4484b640a8c38fd654a024c7a1bf55", size = 78784, upload-time = "2025-04-24T22:06:20.566Z" },
]

[[package]]
name = "httpx"
version = "0.28.1"
source = { registry = "https://pypi.org/simple" }
dependencies = [
    { name = "anyio" },
    { name = "certifi" },
    { name = "httpcore" },
    { name = "idna" },
]
sdist = { url = "https://files.pythonhosted.org/packages/b1/df/48c586a5fe32a0f01324ee087459e112ebb7224f646c0b5023f5e79e9956/httpx-0.28.1.tar.gz", hash = "sha256:75e98c5f16b0f35b567856f597f06ff2270a374470a5c2392242528e3e3e42fc", size = 141406, upload-time = "2024-12-06T15:37:23.222Z" }
wheels = [
    { url = "https://files.pythonhosted.org/packages/2a/39/e50c7c3a983047577ee07d2a9e53faf5a69493943ec3f6a384bdc792deb2/httpx-0.28.1-py3-none-any.whl", hash = "sha256:d909fcccc110f8c7faf814ca82a9a4d816bc5a6dbfea25d6591d6985b8ba59ad", size = 73517, upload-time = "2024-12-06T15:37:21.509Z" },
]

[[package]]
name = "idna"
version = "3.20"
source = { registry = "https://pypi.org/simple" }
sdist = { url = "https://files.pythonhosted.org/packages/f5/08/8eea9d4b8302028f3abb2c0813953f7aec26d33b7a8960ed760e65ff29fa/idna-3.20.tar.gz", hash = "sha256:a7db850025b95ded1eae8a46181a1a6c56c92c96f0e2b005d9ff8dc0210cab44", size = 216463, upload-time = "2026-09-17T14:11:04.752Z" }
wheels = [
    { url = "https://files.pythonhosted.org/packages/58/a2/bb081bab032533a855d44de1d56f8e8426114ff1ba5d1f07a438a0a654f8/idna-3.20-py3-none-any.whl", hash = "sha256:ab7ae7122974553370f0bdb919e1a960b2cd1bc1ef0276416d896db81c14582c", size = 69583, upload-time = "2026-09-17T14:11:03.168Z" },
]

[[package]]
name = "iniconfig"
version = "2.3.0"
source = { registry = "https://pypi.org/simple" }
sdist = { url = "https://files.pythonhosted.org/packages/72/34/14ca021ce8e5dfedc35312d08ba8bf51fdd999c576889fc2c24cb97f4f10/iniconfig-2.3.0.tar.gz", hash = "sha256:c76315c77db068650d49c5b56314774a7804df16fee4402c1f19d6d15d8c4730", size = 20503, upload-time = "2025-10-18T21:55:43.219Z" }
wheels = [
    { url = "https://files.pythonhosted.org/packages/cb/b1/3846dd7f199d53cb17f49cba7e651e9ce294d8497c8c150530ed11865bb8/iniconfig-2.3.0-py3-none-any.whl", hash = "sha256:f631c04d2c48c52b84d0d0549c99ff3859c98df65b3101406327ecc7d53fbf12", size = 7484, upload-time = "2025-10-18T21:55:41.639Z" },
]

[[package]]
name = "markdown-it-py"
version = "4.2.0"
source = { registry = "https://pypi.org/simple" }
dependencies = [
    { name = "mdurl" },
]
sdist = { url = "https://files.pythonhosted.org/packages/06/ff/7841249c247aa650a76b9ee4bbaeae59370dc8bfd2f6c01f3630c35eb134/markdown_it_py-4.2.0.tar.gz", hash = "sha256:04a21681d6fbb623de53f6f364d352309d4094dd4194040a10fd51833e418d49", size = 82454, upload-time = "2026-05-07T12:08:28.36Z" }
wheels = [
    { url = "https://files.pythonhosted.org/packages/b3/81/4da04ced5a082363ecfa159c010d200ecbd959ae410c10c0264a38cac0f5/markdown_it_py-4.2.0-py3-none-any.whl", hash = "sha256:9f7ebbcd14fe59494226453aed97c1070d83f8d24b6fc3a3bcf9a38092641c4a", size = 91687, upload-time = "2026-05-07T12:08:27.182Z" },
]

[[package]]
name = "mdurl"
version = "0.1.2"
source = { registry = "https://pypi.org/simple" }
sdist = { url = "https://files.pythonhosted.org/packages/d6/54/cfe61301667036ec958cb99bd3efefba235e65cdeb9c84d24a8293ba1d90/mdurl-0.1.2.tar.gz", hash = "sha256:bb413d29f5eea38f31dd4754dd7377d4465116fb207585f97bf925588687c1ba", size = 8729, upload-time = "2022-08-14T12:40:10.846Z" }
wheels = [
    { url = "https://files.pythonhosted.org/packages/b3/38/89ba8ad64ae25be8de66a6d463314cf1eb366222074cfda9ee839c56a4b4/mdurl-0.1.2-py3-none-any.whl", hash = "sha256:84008a41e51615a49fc9966191ff91509e3c40b939176e643fd50a5c2196b8f8", size = 9979, upload-time = "2022-08-14T12:40:09.779Z" },
]

[[package]]
name = "packaging"
version = "26.3"
source = { registry = "https://pypi.org/simple" }
sdist = { url = "https://files.pythonhosted.org/packages/7d/fa/3944b40b07da9ce895c0e6303a5ab7d53da063554f534556b134a54d6093/packaging-26.3.tar.gz", hash = "sha256:94edc256424af38762eb31306eed28beb9f0efc50a8837492c9d6fd6004aed79", size = 313412, upload-time = "2026-08-04T18:15:28.737Z" }
wheels = [
    { url = "https://files.pythonhosted.org/packages/63/34/ba1c580383c9eada3711951fef0795c80b829a078d72188184bcab9dd527/packaging-26.3-py3-none-any.whl", hash = "sha256:d7193f7c8e4e93f444fde0262bf90af30e16fa0ad0ad44cb553c87339b23cd1c", size = 129956, upload-time = "2026-08-04T18:15:27.159Z" },
]

[[package]]
name = "pluggy"
version = "1.6.0"
source = { registry = "https://pypi.org/simple" }
sdist = { url = "https://files.pythonhosted.org/packages/f9/e2/3e91f31a7d2b083fe6ef3fa267035b518369d9511ffab804f839851d2779/pluggy-1.6.0.tar.gz", hash = "sha256:7dcc130b76258d33b90f61b658791dede3486c3e6bfb003ee5c9bfb396dd22f3", size = 69412, upload-time = "2025-05-15T12:30:07.975Z" }
wheels = [
    { url = "https://files.pythonhosted.org/packages/54/20/4d324d65cc6d9205fabedc306948156824eb9f0ee1633355a8f7ec5c66bf/pluggy-1.6.0-py3-none-any.whl", hash = "sha256:e920276dd6813095e9377c0bc5566d94c932c33b27a3e3945d8389c374dd4746", size = 20538, upload-time = "2025-05-15T12:30:06.134Z" },
]

[[package]]
name = "pydantic"
version = "2.13.5"
source = { registry = "https://pypi.org/simple" }
dependencies = [
    { name = "annotated-types" },
    { name = "pydantic-core" },
    { name = "typing-extensions" },
    { name = "typing-inspection" },
]
sdist = { url = "https://files.pythonhosted.org/packages/53/ef/fc4f868f4e2cee79f863883abffceff107875f569b848507319842d2a681/pydantic-2.13.5.tar.gz", hash = "sha256:51a9c5f7b2f8e636f04c6cada605d9b6a3bf1348fdf945a3d8869b19bba0ee08", size = 845750, upload-time = "2026-08-28T14:04:00.916Z" }
wheels = [
    { url = "https://files.pythonhosted.org/packages/eb/47/c95ffc2009878c7aac0c5e08528022dcb885933252a88b5f170058014464/pydantic-2.13.5-py3-none-any.whl", hash = "sha256:346a034f080da3755d8e9cb5e00e8b07de1d39e4f6e2c87d8ab7cafa0b269a73", size = 472589, upload-time = "2026-08-28T14:03:59.136Z" },
]

[[package]]
name = "pydantic-core"
version = "2.46.5"
source = { registry = "https://pypi.org/simple" }
dependencies = [
    { name = "typing-extensions" },
]
sdist = { url = "https://files.pythonhosted.org/packages/af/f9/8a06bea35ef8daf588f707784c973a7046e0034c8d8cfb08828eeffb8b75/pydantic_core-2.46.5.tar.gz", hash = "sha256:10416c15b8839ecc4ef4d0885da76da6fd0f67333a0eb8aff6d93c4b8f2910fc", size = 472262, upload-time = "2026-08-28T10:01:31.677Z" }
wheels = [
    { url = "https://files.pythonhosted.org/packages/f5/37/5abe39a8372a61d3dc3c1338fc504281c01b32fdb3169cd7187153b56d3e/pydantic_core-2.46.5-cp313-cp313-macosx_10_12_x86_64.whl", hash = "sha256:b7ca9034437b6022f941f4857459562ee00a560b97e7cce8a0ec5a74fc6766e0", size = 2075885, upload-time = "2026-08-28T09:58:47.856Z" },
    { url = "https://files.pythonhosted.org/packages/21/43/6323b1f8b217780454c61304bcd2b38ae4762f50754414124603ccc90bb2/pydantic_core-2.46.5-cp313-cp313-macosx_11_0_arm64.whl", hash = "sha256:f332f0e72a5a0400141f830744e141bf9f97917878dbe968669e8a7fefea78ff", size = 1922768, upload-time = "2026-08-28T09:58:49.58Z" },
    { url = "https://files.pythonhosted.org/packages/0f/a3/c05ca796e1197618a774b01e596aeedfefc2f7d8c01ae3054e910b120e8a/pydantic_core-2.46.5-cp313-cp313-manylinux_2_17_aarch64.manylinux2014_aarch64.whl", hash = "sha256:193375f3548919d3f0b60936ca113ada3e38f264f91b9b8e0508efaad57be931", size = 1951241, upload-time = "2026-08-28T09:58:51.511Z" },
    { url = "https://files.pythonhosted.org/packages/68/32/33bc39ac705c52cffc908e8389f9754fdb208aea5c69cceddf4eb3ce99af/pydantic_core-2.46.5-cp313-cp313-manylinux_2_17_armv7l.manylinux2014_armv7l.whl", hash = "sha256:79bdfa52f843137045b2d081cc05c120ba6665d29b7559c2c47690906f39279f", size = 2031975, upload-time = "2026-08-28T09:58:53.166Z" },
    { url = "https://files.pythonhosted.org/packages/b0/70/2333e885c0f6a67bc105c5916965dac9b57f2718ee20d81d1a06a4ebdc13/pydantic_core-2.46.5-cp313-cp313-manylinux_2_17_ppc64le.manylinux2014_ppc64le.whl", hash = "sha256:24922243639cbdac66c75fcb6fd6495a9cb52b213d62f9a0d16f0310b1ff8038", size = 2208542, upload-time = "2026-08-28T09:58:55.017Z" },
    { url = "https://files.pythonhosted.org/packages/f7/ea/296debfb4264207bbda5936133892e027c0a58875ad53ebd512fba8ec3a2/pydantic_core-2.46.5-cp313-cp313-manylinux_2_17_s390x.manylinux2014_s390x.whl", hash = "sha256:c76fe65e607be28c7fd4d56fc3c42b1583aa058ce3408b7ad0fd540171d31f9f", size = 2264692, upload-time = "2026-08-28T09:58:56.767Z" },
    { url = "https://files.pythonhosted.org/packages/d3/f2/9e4de77a6271e07a76d2d58b11c091a979c191ed2939bf80067568b369d2/pydantic_core-2.46.5-cp313-cp313-manylinux_2_17_x86_64.manylinux2014_x86_64.whl", hash = "sha256:6f7b393a8b3da82f5c1fc0751e6d01ac6c55b93c18226a60bdfba4a724efafd1", size = 2066633, upload-time = "2026-08-28T09:58:58.531Z" },
    { url = "https://files.pythonhosted.org/packages/8d/db/f9e9d0c97445987b2084823d5c240de88087338f04fc2cfaa2df186b8049/pydantic_core-2.46.5-cp313-cp313-manylinux_2_31_riscv64.whl", hash = "sha256:7ac031912d54f3d83ef3b3eb98dfabc1608802e2202263d25957eeed40b94761", size = 2105235, upload-time = "2026-08-28T09:59:00.421Z" },
    { url = "https://files.pythonhosted.org/packages/07/c5/79169b047b3b2c3e99e04bc76372af9637e0bf6db638274fa927df96369e/pydantic_core-2.46.5-cp313-cp313-manylinux_2_5_i686.manylinux1_i686.whl", hash = "sha256:837b396ca3d7b74091ca623f6cbd8351bd42d670a79c2683e79fb089f06a2de5", size = 2157367, upload-time = "2026-08-28T09:59:02.442Z" },
    { url = "https://files.pythonhosted.org/packages/26/b5/ba6057afb7c291bd449f51b867f95aef2072941c4ce4e5c31d6ffd132d3b/pydantic_core-2.46.5-cp313-cp313-musllinux_1_1_aarch64.whl", hash = "sha256:5ee239d575f80b08eca11f6e20f90c4c695de7825c67eefe6091fbf20dda648e", size = 2158420, upload-time = "2026-08-28T09:59:04.2Z" },
    { url = "https://files.pythonhosted.org/packages/6e/28/2057abecaafdc22912afa819603a51f0a62d40643b7c4871c51721fea9be/pydantic_core-2.46.5-cp313-cp313-musllinux_1_1_armv7l.whl", hash = "sha256:e80675d75ae2cd14372cb65cad5400d9347a3d3f6c13000183f22dfd027283ed", size = 2309588, upload-time = "2026-08-28T09:59:06.048Z" },
    { url = "https://files.pythonhosted.org/packages/71/9d/881156dc404e27479c4246128d73538464cab4a239bec61995e227644c30/pydantic_core-2.46.5-cp313-cp313-musllinux_1_1_x86_64.whl", hash = "sha256:9c4b71f10dd532fb7a5cbc8f58707779e64f03a258c2bf8bfbaecfcd9970b519", size = 2341866, upload-time = "2026-08-28T09:59:08.539Z" },
    { url = "https://files.pythonhosted.org/packages/5a/38/d66f443a259f84d13babdceae568e572b0ed26da17ca5d0a649ebb110a67/pydantic_core-2.46.5-cp313-cp313-win32.whl", hash = "sha256:97bf8de4d541598c94a59344eeb988a94c08ff76b5723c41f6567ec18c7892ea", size = 1938580, upload-time = "2026-08-28T09:59:10.402Z" },
    { url = "https://files.pythonhosted.org/packages/2c/1e/1d5371213f4cc9a7ed70c0bfcc7911de22311ee99a662a56077d7292d2ac/pydantic_core-2.46.5-cp313-cp313-win_amd64.whl", hash = "sha256:15f4a94963c95accac15b7b657bb177d3ad82bb90b0d0526d9a9b85079925db5", size = 2041980, upload-time = "2026-08-28T09:59:12.396Z" },
    { url = "https://files.pythonhosted.org/packages/5a/48/4222d90b1c67568bace4dec6dca6271449c66de3595d72b6d098f5fde597/pydantic_core-2.46.5-cp313-cp313-win_arm64.whl", hash = "sha256:d22a945598fb91236b4dd793a6e42e4f3dd7740bb5aace5ebd7d4c08d13bb575", size = 1997213, upload-time = "2026-08-28T09:59:14.245Z" },
]

[[package]]
name = "pygments"
version = "2.21.0"
source = { registry = "https://pypi.org/simple" }
sdist = { url = "https://files.pythonhosted.org/packages/49/2e/ced460408999b33da6b31b0021b0f37d329e202d4169aeb164493778f25b/pygments-2.21.0.tar.gz", hash = "sha256:610ca751c9bc2492b38eb9a38a7fbc93edbbb2d7182edaf34e66ae493dee5c8c", size = 5005329, upload-time = "2026-08-17T08:02:48.824Z" }
wheels = [
    { url = "https://files.pythonhosted.org/packages/71/46/17f022dd3e953bf20a04a028a21ec746d942f8d2af30fa0f124fa0e6a684/pygments-2.21.0-py3-none-any.whl", hash = "sha256:2363c69b61c4a97c838da3b130dcd6468f4848992b21a82f2a63ec34377137d9", size = 1250147, upload-time = "2026-08-17T08:02:44.912Z" },
]

[[package]]
name = "pyjson5"
version = "2.0.1"
source = { registry = "https://pypi.org/simple" }
sdist = { url = "https://files.pythonhosted.org/packages/f1/9a/3db19560e968d6e85b2a4ddf4b949c6ebf9dd1dcfb5a9f37736f8adeb927/pyjson5-2.0.1.tar.gz", hash = "sha256:a5b0e322e847b198a50d8a1ef16d6b2b19129644dc018d76773e81ef1487ca39", size = 352242, upload-time = "2026-05-15T16:12:54.931Z" }
wheels = [
    { url = "https://files.pythonhosted.org/packages/93/2c/0619f89a9576f335ba63eb851e73ba507480a8c7f28a2e7de2501ed3d303/pyjson5-2.0.1-cp313-cp313-macosx_10_13_universal2.whl", hash = "sha256:8a661d292801b38434d5288bf7329f9b50b3a693b1d2941c7595175842692eba", size = 301821, upload-time = "2026-05-15T16:09:28.721Z" },
    { url = "https://files.pythonhosted.org/packages/91/31/7824913ec71e7421d6a57bc06228f3e2d946d8e8f738f898572dded0dc57/pyjson5-2.0.1-cp313-cp313-macosx_10_13_x86_64.whl", hash = "sha256:1cb5c1c066038ce6e1922d9d5be23f5cd14d5b5a3c96e6358aa5d0e379014a93", size = 158201, upload-time = "2026-05-15T16:09:30.261Z" },
    { url = "https://files.pythonhosted.org/packages/bc/7d/4ddb249563a838425242342d2cf67976ccc292a831b543a92fa1a8a83b11/pyjson5-2.0.1-cp313-cp313-macosx_11_0_arm64.whl", hash = "sha256:7417eab751817fa5f070e41975d9df4aec3532d21389073318161f63cd96d636", size = 153244, upload-time = "2026-05-15T16:09:32.04Z" },
    { url = "https://files.pythonhosted.org/packages/02/39/7622416ac0570d9ce377447bd5b2ec9383c1282e63cc6d0b65779f1336fa/pyjson5-2.0.1-cp313-cp313-manylinux1_i686.manylinux_2_28_i686.manylinux_2_5_i686.whl", hash = "sha256:cc4802093b4ab9039367774988486fd04754cf416c32aebf94a94bafd8b8a478", size = 185568, upload-time = "2026-05-15T16:09:33.719Z" },
    { url = "https://files.pythonhosted.org/packages/d8/90/2f317da231477b77481020d79c73bbe10625e4925ceeae77603726ef1763/pyjson5-2.0.1-cp313-cp313-manylinux2014_aarch64.manylinux_2_17_aarch64.manylinux_2_28_aarch64.whl", hash = "sha256:bc3181274ed19ecb2315cf85a499bf83002554f42c72453666c616059d665a7b", size = 163169, upload-time = "2026-05-15T16:09:34.865Z" },
    { url = "https://files.pythonhosted.org/packages/02/b3/20023c3cfe2f2c2523007d7031b5b7ad7ccd8856d2665547683cebaa6f8e/pyjson5-2.0.1-cp313-cp313-manylinux2014_armv7l.manylinux_2_17_armv7l.manylinux_2_31_armv7l.whl", hash = "sha256:5398306b8aa253e620af9ed8085767de9cd28d6846da45e535e80fcffa9f33d7", size = 166514, upload-time = "2026-05-15T16:09:36.383Z" },
    { url = "https://files.pythonhosted.org/packages/e2/1c/b863e502153477b2845a54b688b72436457aca5107b300fca95e98184551/pyjson5-2.0.1-cp313-cp313-manylinux2014_ppc64le.manylinux_2_17_ppc64le.manylinux_2_28_ppc64le.whl", hash = "sha256:b97b592287d52a6ec5af84dca94aab02b185f72f8ddb6fc99c58efb8891be5cd", size = 179907, upload-time = "2026-05-15T16:09:38.166Z" },
    { url = "https://files.pythonhosted.org/packages/fc/b2/413fcb76632e5f6fa89a2ec83976755b5bb4696c6d9eca9ff3c70cd717b6/pyjson5-2.0.1-cp313-cp313-manylinux2014_s390x.manylinux_2_17_s390x.manylinux_2_28_s390x.whl", hash = "sha256:4efbf5e910a3aa6f330a92d1ae940dda5ed662976ed5056526baaf2e1821f95d", size = 187171, upload-time = "2026-05-15T16:09:39.624Z" },
    { url = "https://files.pythonhosted.org/packages/d6/11/66151b819407ab589aef36582038257f1ef42dc065e3423b3d8274f4fcd2/pyjson5-2.0.1-cp313-cp313-manylinux2014_x86_64.manylinux_2_17_x86_64.manylinux_2_28_x86_64.whl", hash = "sha256:0e042f9b869e7f21d5f53a2638e5d0cf1daaba2342127c8777c502daf972602e", size = 175564, upload-time = "2026-05-15T16:09:41.356Z" },
    { url = "https://files.pythonhosted.org/packages/f2/98/deb70690dab994474ea527cba91f43ae55928bcff498c441e812b60fc1e2/pyjson5-2.0.1-cp313-cp313-manylinux_2_31_riscv64.manylinux_2_39_riscv64.whl", hash = "sha256:26074370d7a6dd38b6e8c28a2f10c790fc6dec938ec22ec3de6c93c97d195f10", size = 171530, upload-time = "2026-05-15T16:09:42.78Z" },
    { url = "https://files.pythonhosted.org/packages/a9/be/969752a3a052d00698b6e1dd926c627d7a6475a7c8dd390db148363544f8/pyjson5-2.0.1-cp313-cp313-musllinux_1_2_aarch64.whl", hash = "sha256:3cb163a495096716a7a01d052b60bda0308ecfaeddcb2d50a247ba9d707e3e40", size = 1145510, upload-time = "2026-05-15T16:09:45.005Z" },
    { url = "https://files.pythonhosted.org/packages/d0/be/4c5c92cdda5a911ee4450a74281782335e7ce6715638308322beb96be639/pyjson5-2.0.1-cp313-cp313-musllinux_1_2_armv7l.whl", hash = "sha256:5fdd66bdddc2d53421ab7427bedcd2ca9b2f1b4b3b464381aa60d305c94be38c", size = 1010114, upload-time = "2026-05-15T16:09:47.081Z" },
    { url = "https://files.pythonhosted.org/packages/89/1e/72283bc505d77dcdab7eaeb0020cf0fd79a05d2991e886d1fcfa73e88ae1/pyjson5-2.0.1-cp313-cp313-musllinux_1_2_i686.whl", hash = "sha256:4ad222a3eff1cc93f9b70894c5f3d2ff5e46531e88feaa4818e329d5f3ae4307", size = 1322915, upload-time = "2026-05-15T16:09:48.885Z" },
    { url = "https://files.pythonhosted.org/packages/06/b4/94a09e744a6bb6e76108b61a28a7cc5ecab1b8105cacde7548359b3b74a3/pyjson5-2.0.1-cp313-cp313-musllinux_1_2_ppc64le.whl", hash = "sha256:63f5cf25113dd1bf3bfeda211d99413e58ec6b9036ff34f7b69f85f23695e9c4", size = 1240126, upload-time = "2026-05-15T16:09:50.638Z" },
    { url = "https://files.pythonhosted.org/packages/af/29/4549380cae425ee112f3c154606c35f5211c12ddf415f079c2b23f2d493b/pyjson5-2.0.1-cp313-cp313-musllinux_1_2_riscv64.whl", hash = "sha256:b0001eecce9080e6c170e978786501e8931e2075a3d15f5260e1bdd6a45e8976", size = 1178022, upload-time = "2026-05-15T16:09:52.639Z" },
    { url = "https://files.pythonhosted.org/packages/1c/1a/5a8a869e855645858e45dbd077204cec3a85b2f2e669bc3c8cefe9c4a70e/pyjson5-2.0.1-cp313-cp313-musllinux_1_2_s390x.whl", hash = "sha256:40371c73cc83ed81914028786a6cc5950bdf300ae82443df83a5dfa80c582fca", size = 1355161, upload-time = "2026-05-15T16:09:55.177Z" },
    { url = "https://files.pythonhosted.org/packages/82/32/827066cd946447648275a892f494f4572d78e6a79d877fa6b6c14af599d8/pyjson5-2.0.1-cp313-cp313-musllinux_1_2_x86_64.whl", hash = "sha256:c9dca542eeb6e8fbbc1fe3373bfd18ae6250f1aedc78f39242ac12c8837091b8", size = 1208864, upload-time = "2026-05-15T16:09:56.919Z" },
    { url = "https://files.pythonhosted.org/packages/2d/cc/a9bc12aff47d8bfd3074a21e3fb056ec0028fac28f8ec7e0fe4449d050f5/pyjson5-2.0.1-cp313-cp313-win32.whl", hash = "sha256:d30c8b2c91d530be475a8fab6dde8c3bcd3e89b999c9e0f05aec2bf2c24b0638", size = 115461, upload-time = "2026-05-15T16:10:30.711Z" },
    { url = "https://files.pythonhosted.org/packages/c9/c7/fa3fc956fbc3fa6250c8b99ef75a8f52b691780fca1bfb368340283bd898/pyjson5-2.0.1-cp313-cp313-win_amd64.whl", hash = "sha256:67f8f5b8d3e3b2ca5f618c928729986aa00fb588c476c0d0d3a151633ff41e0d", size = 135836, upload-time = "2026-05-15T16:10:32.062Z" },
    { url = "https://files.pythonhosted.org/packages/f0/0a/e457b20d1e36a766d3ccd09c418b7ef41acabb679ff2248bb1cd38247ce6/pyjson5-2.0.1-cp313-cp313-win_arm64.whl", hash = "sha256:bdf30ce5b1242f63254d936b30af75cae237fab0ee71cc2544163c82b6bc9201", size = 116652, upload-time = "2026-05-15T16:10:33.39Z" },
    { url = "https://files.pythonhosted.org/packages/2b/4c/6266789e615576b62d2db6de26a3b4b8f4cc7a8ff23fe24e48363bca1682/pyjson5-2.0.1-cp313-cp313t-macosx_10_13_universal2.whl", hash = "sha256:954c14d40022fa40e0d36e0ebd337e9e90fd71145592d25a0e2868344e3daca0", size = 320487, upload-time = "2026-05-15T16:09:58.38Z" },
    { url = "https://files.pythonhosted.org/packages/dc/75/c4a563034805e20b274fe4db963e1d480001931d88fe70b7d082033b7dcb/pyjson5-2.0.1-cp313-cp313t-macosx_10_13_x86_64.whl", hash = "sha256:f57529b98d21e8b76f8bc51af9d3c3057dd04a92287fd21ef7ec55255ca6f5c5", size = 166879, upload-time = "2026-05-15T16:09:59.849Z" },
    { url = "https://files.pythonhosted.org/packages/f3/d2/5e6ec3580379794e9a99a402465f74586e93e93814974172202d1254fa89/pyjson5-2.0.1-cp313-cp313t-macosx_11_0_arm64.whl", hash = "sha256:545b655ef0b59f39fc29e2b63b4dadd45e447ad77bad2fdca859ff4db69e21f5", size = 162235, upload-time = "2026-05-15T16:10:01.147Z" },
    { url = "https://files.pythonhosted.org/packages/5b/48/b2d0e868ef8375eb0696ddc74f71028fc4fcd26cdddaeb34485214f2dc87/pyjson5-2.0.1-cp313-cp313t-manylinux1_i686.manylinux_2_28_i686.manylinux_2_5_i686.whl", hash = "sha256:b519de49dd4cbf254179749e5c6bfe9bd8fd1f97e7755bff2e17cc6f79f85aa5", size = 182162, upload-time = "2026-05-15T16:10:02.523Z" },
    { url = "https://files.pythonhosted.org/packages/ce/18/fed02a3d68c3badb87394e8420b72d7cb165ade208c1e02561637409aa99/pyjson5-2.0.1-cp313-cp313t-manylinux2014_aarch64.manylinux_2_17_aarch64.manylinux_2_28_aarch64.whl", hash = "sha256:de48fbd0466c114c17f408be7bcbc5b3aedeb29ff5f73187022915e6d5eb7817", size = 169487, upload-time = "2026-05-15T16:10:03.876Z" },
    { url = "https://files.pythonhosted.org/packages/8b/90/dc897332dda24e949828616e8e74d7937b587a56789f3aca148fcadddde2/pyjson5-2.0.1-cp313-cp313t-manylinux2014_armv7l.manylinux_2_17_armv7l.manylinux_2_31_armv7l.whl", hash = "sha256:fe6516ff9ab94368c18ff8ac0ebdb53fac9e047da093d43e67d5e7cd98cdd0bf", size = 164128, upload-time = "2026-05-15T16:10:05.588Z" },
    { url = "https://files.pythonhosted.org/packages/39/09/90104baeab58adfe63bda804174ef1806b1cabb1692e047fabc2f4aa1799/pyjson5-2.0.1-cp313-cp313t-manylinux2014_ppc64le.manylinux_2_17_ppc64le.manylinux_2_28_ppc64le.whl", hash = "sha256:ea7aadacac7ac6661117b708175f6beff75e132322c08bbf3794d8ec4ba572b4", size = 184306, upload-time = "2026-05-15T16:10:06.986Z" },
    { url = "https://files.pythonhosted.org/packages/89/73/613efc3cdab5cf9ec399e6c5a0463b672e5f5cbd693a3a4d82cbdda19476/pyjson5-2.0.1-cp313-cp313t-manylinux2014_s390x.manylinux_2_17_s390x.manylinux_2_28_s390x.whl", hash = "sha256:e5c339bcac113dfc30a1f88f23af273d67bb6169abee1684c0dd27daa71a32f9", size = 192239, upload-time = "2026-05-15T16:10:08.727Z" },
    { url = "https://files.pythonhosted.org/packages/47/2a/17b97e02b37ab9353fc9713e56470be3d2539501ed18d6c676cfbcd0a57c/pyjson5-2.0.1-cp313-cp313t-manylinux2014_x86_64.manylinux_2_17_x86_64.manylinux_2_28_x86_64.whl", hash = "sha256:075de0f1e5e0ffee174a8941b5d9d8af632772a6e5eebe92fb0899db7f6ab7fa", size = 177652, upload-time = "2026-05-15T16:10:10.19Z" },
    { url = "https://files.pythonhosted.org/packages/1c/43/a05331ba88fd1aa09ca418548c6b06692e34b2a64b109bb363e01ecafdeb/pyjson5-2.0.1-cp313-cp313t-manylinux_2_31_riscv64.manylinux_2_39_riscv64.whl", hash = "sha256:c463c9bf508c1d316191898a3c0bfc03dd3de67bdc02f480b0742ac5c859eaeb", size = 174860, upload-time = "2026-05-15T16:10:11.976Z" },
    { url = "https://files.pythonhosted.org/packages/2e/00/5d253751f4d27b7e63fdfd765041593fa588395f45b9cea496878d964448/pyjson5-2.0.1-cp313-cp313t-musllinux_1_2_aarch64.whl", hash = "sha256:54427c8cad0c1a516bad5b4457167cde1e7ef7ee563e28a944f59b3c7413b6a0", size = 1151556, upload-time = "2026-05-15T16:10:13.608Z" },
    { url = "https://files.pythonhosted.org/packages/9c/f7/a30eed477295e92dfd59553063cf82bf510a7052efc7720c9c50d0082fdb/pyjson5-2.0.1-cp313-cp313t-musllinux_1_2_armv7l.whl", hash = "sha256:ca04839cecd364cb53de7ebcd81fd5915193707d968730ea1c8d4ff5c9c2f1a8", size = 1012330, upload-time = "2026-05-15T16:10:15.171Z" },
    { url = "https://files.pythonhosted.org/packages/9c/60/80818fad90a99336f8bfc686d76d0b2d7c8bb51e8de5d031620fa1a2d7a1/pyjson5-2.0.1-cp313-cp313t-musllinux_1_2_i686.whl", hash = "sha256:13a2de8b14aeb576b1623c8af419510bf871b8d9cc2308db41a46bcc94d00f2f", size = 1320970, upload-time = "2026-05-15T16:10:16.863Z" },
    { url = "https://files.pythonhosted.org/packages/7c/3f/090eb3e0971d067defb58bbfd738f74a09be495c6f4f00d5d76a10755bca/pyjson5-2.0.1-cp313-cp313t-musllinux_1_2_ppc64le.whl", hash = "sha256:c8a689f5252e9791bfbc8fa916999202556a1e8c7b24dfd72de1ad84c493e10a", size = 1244775, upload-time = "2026-05-15T16:10:19.416Z" },
    { url = "https://files.pythonhosted.org/packages/61/38/e7546ad733affe51a5462bad21bceb4fd659baf24930bd141627ce56279b/pyjson5-2.0.1-cp313-cp313t-musllinux_1_2_riscv64.whl", hash = "sha256:3dc0c2c80fd9d1e4c26f8b6c91a54d38b48648b93ae3f09355856c75fda3e460", size = 1182149, upload-time = "2026-05-15T16:10:21.696Z" },
    { url = "https://files.pythonhosted.org/packages/90/2c/016647580d8a82ee53b4cb9ddb96deb4b157ccea9624bba61de4aa2cd25c/pyjson5-2.0.1-cp313-cp313t-musllinux_1_2_s390x.whl", hash = "sha256:13d78b3e2c60b81bd7e6b00e6ab24a664ba1fd64b5d86baa65c4cdfae1fff7ae", size = 1358579, upload-time = "2026-05-15T16:10:23.649Z" },
    { url = "https://files.pythonhosted.org/packages/01/45/8b84ff7a0c4d8c12a76e097c67af62abe986a18d1ab2540764dd6eaa0253/pyjson5-2.0.1-cp313-cp313t-musllinux_1_2_x86_64.whl", hash = "sha256:a7b640dbeabbd7d975170f793f90a7500cc5d510aeae9364a1bc558bcc5336ed", size = 1211015, upload-time = "2026-05-15T16:10:25.4Z" },
    { url = "https://files.pythonhosted.org/packages/cf/48/d8f34de7a7319f5966bdfd10f133e689ba01f138d2040bf792f1ca8b18e1/pyjson5-2.0.1-cp313-cp313t-win32.whl", hash = "sha256:46e7c5525034fde8abf3aaf100ed7660c1b618ccd3205544ed7c99e4c55cf201", size = 131660, upload-time = "2026-05-15T16:10:26.747Z" },
    { url = "https://files.pythonhosted.org/packages/06/aa/0bd437252134115a846ffc061078c85f8e8c325c86abcaa862c134d3c57e/pyjson5-2.0.1-cp313-cp313t-win_amd64.whl", hash = "sha256:207c00e7f9641e0358bdc848a1c0610f26f2e8bd51d73bd64e5a0ab3b725f1d8", size = 157717, upload-time = "2026-05-15T16:10:28.053Z" },
    { url = "https://files.pythonhosted.org/packages/24/61/7849b04a0dc78f73905189400ac99c45de8eec2ec451ce9c6990fb3588e5/pyjson5-2.0.1-cp313-cp313t-win_arm64.whl", hash = "sha256:4917d5b6186bfa48ec4d85326e2a09769a5f7844963307ab2710429e1f743264", size = 126281, upload-time = "2026-05-15T16:10:29.378Z" },
]

[[package]]
name = "pyodide-cli"
version = "0.5.0"
source = { registry = "https://pypi.org/simple" }
dependencies = [
    { name = "click" },
    { name = "rich" },
]
sdist = { url = "https://files.pythonhosted.org/packages/f1/44/fe74049e3e776bd56fae8bd9370900d6d6dc5e541299ae90cb2330a9a8a4/pyodide_cli-0.5.0.tar.gz", hash = "sha256:14df0797e791558b6976d4612f9df9619334f8914bfe3efbdd22e3886f5275b7", size = 12630, upload-time = "2026-01-28T03:29:06.623Z" }
wheels = [
    { url = "https://files.pythonhosted.org/packages/4a/07/76977bbd73c686df55fbc3685c6c336158dc11b2ba155abe3e3a802447b2/pyodide_cli-0.5.0-py3-none-any.whl", hash = "sha256:24c02736f1d6c99396f5e9330fd30bd98db88cf49ef059b62b025fa1f5f6e29c", size = 12684, upload-time = "2026-01-28T03:29:05.527Z" },
]

[[package]]
name = "pyodide-py"
version = "0.29.5"
source = { registry = "https://pypi.org/simple" }
sdist = { url = "https://files.pythonhosted.org/packages/1d/85/d89ea2de12b8da5e82d5d8c2c8a03f2aebd0830416d22d654b5cfe05c6d9/pyodide_py-0.29.5.tar.gz", hash = "sha256:a38d410aec95e2e2b3d59bdd93176b207db32952953bc3e9df81406a5ee3facd", size = 58799, upload-time = "2026-09-15T22:04:04.018Z" }
wheels = [
    { url = "https://files.pythonhosted.org/packages/82/b3/137eb4fcd365e1442e38e3470572cac2ec9eeadbf7a4c9c25bd791f6c757/pyodide_py-0.29.5-py3-none-any.whl", hash = "sha256:9d6d62c5167df01b1d8a94c762197f1fd89a5771fd78bbd07393c812d979352b", size = 66017, upload-time = "2026-09-15T22:04:02.68Z" },
]

[[package]]
name = "pytest"
version = "8.4.2"
source = { registry = "https://pypi.org/simple" }
dependencies = [
    { name = "colorama", marker = "sys_platform == 'win32'" },
    { name = "iniconfig" },
    { name = "packaging" },
    { name = "pluggy" },
    { name = "pygments" },
]
sdist = { url = "https://files.pythonhosted.org/packages/a3/5c/00a0e072241553e1a7496d638deababa67c5058571567b92a7eaa258397c/pytest-8.4.2.tar.gz", hash = "sha256:86c0d0b93306b961d58d62a4db4879f27fe25513d4b969df351abdddb3c30e01", size = 1519618, upload-time = "2025-09-04T14:34:22.711Z" }
wheels = [
    { url = "https://files.pythonhosted.org/packages/a8/a4/20da314d277121d6534b3a980b29035dcd51e6744bd79075a6ce8fa4eb8d/pytest-8.4.2-py3-none-any.whl", hash = "sha256:872f880de3fc3a5bdc88a11b39c9710c3497a547cfa9320bc3c5e62fbf272e79", size = 365750, upload-time = "2025-09-04T14:34:20.226Z" },
]

[[package]]
name = "python-multipart"
version = "0.0.32"
source = { registry = "https://pypi.org/simple" }
sdist = { url = "https://files.pythonhosted.org/packages/5b/42/55c32bb9b12693c092ad250a0e82edb5b31ddeda6eb772de5f308b3804ad/python_multipart-0.0.32.tar.gz", hash = "sha256:be54b7f3fa167bb83e4fcd936b887b708f4e57fe75911c02aebf53efaf8d938e", size = 46881, upload-time = "2026-06-04T16:18:58.647Z" }
wheels = [
    { url = "https://files.pythonhosted.org/packages/e1/04/e8135ebd1ad02c56ec633277529b2602ff99ff634be76cdba5744cf554fd/python_multipart-0.0.32-py3-none-any.whl", hash = "sha256:ff6d3f776f16878c894e52e107296ffc890e913c611b1a4ec6c44e2821fe2e23", size = 30042, upload-time = "2026-06-04T16:18:57.319Z" },
]

[[package]]
name = "rich"
version = "15.0.0"
source = { registry = "https://pypi.org/simple" }
dependencies = [
    { name = "markdown-it-py" },
    { name = "pygments" },
]
sdist = { url = "https://files.pythonhosted.org/packages/c0/8f/0722ca900cc807c13a6a0c696dacf35430f72e0ec571c4275d2371fca3e9/rich-15.0.0.tar.gz", hash = "sha256:edd07a4824c6b40189fb7ac9bc4c52536e9780fbbfbddf6f1e2502c31b068c36", size = 230680, upload-time = "2026-04-12T08:24:00.75Z" }
wheels = [
    { url = "https://files.pythonhosted.org/packages/82/3b/64d4899d73f91ba49a8c18a8ff3f0ea8f1c1d75481760df8c68ef5235bf5/rich-15.0.0-py3-none-any.whl", hash = "sha256:33bd4ef74232fb73fe9279a257718407f169c09b78a87ad3d296f548e27de0bb", size = 310654, upload-time = "2026-04-12T08:24:02.83Z" },
]

[[package]]
name = "starlette"
version = "1.6.0"
source = { registry = "https://pypi.org/simple" }
dependencies = [
    { name = "anyio" },
]
sdist = { url = "https://files.pythonhosted.org/packages/b5/b4/205b0d5241d934e8add0c38aa924c4f9fb7330834ff11e5444db964ec3f9/starlette-1.6.0.tar.gz", hash = "sha256:d4e3ac5e546444960c710297a3c9fc3f7ebae1b7e963f3d36173b49da535be9b", size = 2716969, upload-time = "2026-08-08T18:27:57.512Z" }
wheels = [
    { url = "https://files.pythonhosted.org/packages/c8/cb/6a6a47d5b464bd08695d254f3da6e7986cc70c9fa5d778eda57538edfe56/starlette-1.6.0-py3-none-any.whl", hash = "sha256:a86dd39d14bb45f85a3d18525215a9ef0cfd1f192ac793220e72598c90335f0c", size = 75969, upload-time = "2026-08-08T18:27:56.196Z" },
]

[[package]]
name = "typing-extensions"
version = "4.16.0"
source = { registry = "https://pypi.org/simple" }
sdist = { url = "https://files.pythonhosted.org/packages/f6/cc/6253133b5bb138fc3306cebfbda2c520f545d36b5be2c7255cc528bb45d6/typing_extensions-4.16.0.tar.gz", hash = "sha256:dc983d19a509c94dba722ee6abd33940f7c05a89e243c47e907eb4db6f1a43e5", size = 113555, upload-time = "2026-07-02T08:40:05.92Z" }
wheels = [
    { url = "https://files.pythonhosted.org/packages/49/d3/b8441a820a491ddfc024b0b0cf0393375b75ea13866d9c66727e54c2fc80/typing_extensions-4.16.0-py3-none-any.whl", hash = "sha256:481caa481374e813c1b176ada14e97f1f67a4539ce9cfeb3f350d78d6370c2e8", size = 45571, upload-time = "2026-07-02T08:40:04.659Z" },
]

[[package]]
name = "typing-inspection"
version = "0.4.4"
source = { registry = "https://pypi.org/simple" }
dependencies = [
    { name = "typing-extensions" },
]
sdist = { url = "https://files.pythonhosted.org/packages/a3/26/b09b8010994eccc3c09092e6b34058f36a460eea2d4c3e8b910c695975a0/typing_inspection-0.4.4.tar.gz", hash = "sha256:547274fa6b0a561ccf549cc9524b999a578e737d015d8709d021f9d0d13bea47", size = 76928, upload-time = "2026-08-12T12:37:25.997Z" }
wheels = [
    { url = "https://files.pythonhosted.org/packages/67/81/4add07e5172b7ac40d8ed5ff580409a7801a4fe26d529bdd915401dabfbe/typing_inspection-0.4.4-py3-none-any.whl", hash = "sha256:65b8397ba37ccbce054456aaccddfc91e6e3083c92824df348d96ca832f3f147", size = 14750, upload-time = "2026-08-12T12:37:24.648Z" },
]

[[package]]
name = "workers-py"
version = "1.17.4"
source = { registry = "https://pypi.org/simple" }
dependencies = [
    { name = "click" },
    { name = "pyjson5" },
    { name = "pyodide-cli" },
    { name = "pyodide-py" },
    { name = "rich" },
    { name = "workers-runtime-sdk" },
]
sdist = { url = "https://files.pythonhosted.org/packages/99/f2/99aaf88e4a0ac5275109f4701d88b88b4067fe729bdd59e438cd03aac636/workers_py-1.17.4.tar.gz", hash = "sha256:a3ae853ba1c7d94ebba7caf0d26e64707e26cc24cc7e16eeef1b042ecee31bb9", size = 71780, upload-time = "2026-09-21T21:29:07.843Z" }
wheels = [
    { url = "https://files.pythonhosted.org/packages/3c/4b/eac581b7a4dffa60a7af57e4f4d22a25d8af215531b2bcb71e12aababb41/workers_py-1.17.4-py3-none-any.whl", hash = "sha256:fd7707f9f01e502bd315c0f963abad705e74c890780f91721e08e1a29fde03a4", size = 17370, upload-time = "2026-09-21T21:29:06.51Z" },
]

[[package]]
name = "workers-runtime-sdk"
version = "1.9.0"
source = { registry = "https://pypi.org/simple" }
sdist = { url = "https://files.pythonhosted.org/packages/3d/be/6a9677e293b632d2a7d0db97d0a4952d8787cebf12bda22ba21cb4324441/workers_runtime_sdk-1.9.0.tar.gz", hash = "sha256:0dd83ed6d6a51a312a01e66bee6e6af8e8bed42bc40caae65642f8d41ab8b7b7", size = 140950, upload-time = "2026-09-18T21:08:38.924Z" }
wheels = [
    { url = "https://files.pythonhosted.org/packages/94/3d/053deb135d4db2ef6f6c3ccdeb86d7829de3c271f7ae02cec73da8f65891/workers_runtime_sdk-1.9.0-py3-none-any.whl", hash = "sha256:36209f94984686264db4e1fd410d51ac3460f2a2ab3cc29869699b975e1e1331", size = 38585, upload-time = "2026-09-18T21:08:37.773Z" },
]
